// !$*UTF8*$!
{
	archiveVersion = 1;
	classes = {
	};
	objectVersion = 56;
	objects = {

/* Begin PBXBuildFile section */
		AD3DAEBA299E243E00348808 /* ProfilePosts.swift in Sources */ = {isa = PBXBuildFile; fileRef = AD3DAEB9299E243D00348808 /* ProfilePosts.swift */; };
		AD3DAEBC299E2A0000348808 /* PostTableViewCell.swift in Sources */ = {isa = PBXBuildFile; fileRef = AD3DAEBB299E2A0000348808 /* PostTableViewCell.swift */; };
		AD3DAEBE299E2A9900348808 /* UIView +ext.swift in Sources */ = {isa = PBXBuildFile; fileRef = AD3DAEBD299E2A9900348808 /* UIView +ext.swift */; };
		AD5341382993990800443833 /* ProfileHeaderView.swift in Sources */ = {isa = PBXBuildFile; fileRef = AD5341372993990800443833 /* ProfileHeaderView.swift */; };
		AD534160299BA9B400443833 /* Color +ext.swift in Sources */ = {isa = PBXBuildFile; fileRef = AD53415F299BA9B400443833 /* Color +ext.swift */; };
		AD534162299BAAC000443833 /* LoginViewController.swift in Sources */ = {isa = PBXBuildFile; fileRef = AD534161299BAAC000443833 /* LoginViewController.swift */; };
		AD6ABFA1298AB0FF003C89A9 /* FeedViewController.swift in Sources */ = {isa = PBXBuildFile; fileRef = AD6ABFA0298AB0FF003C89A9 /* FeedViewController.swift */; };
		AD6ABFA3298AB2F4003C89A9 /* TabBarViewController.swift in Sources */ = {isa = PBXBuildFile; fileRef = AD6ABFA2298AB2F4003C89A9 /* TabBarViewController.swift */; };
		AD6ABFA7298AC065003C89A9 /* PostViewController.swift in Sources */ = {isa = PBXBuildFile; fileRef = AD6ABFA6298AC065003C89A9 /* PostViewController.swift */; };
		AD6ABFAB298B8210003C89A9 /* InfoViewController.swift in Sources */ = {isa = PBXBuildFile; fileRef = AD6ABFAA298B8210003C89A9 /* InfoViewController.swift */; };
		AD6B794929A4B0D9008522FE /* PhotosTableViewCell.swift in Sources */ = {isa = PBXBuildFile; fileRef = AD6B794829A4B0D9008522FE /* PhotosTableViewCell.swift */; };
		AD6B794B29A4B527008522FE /* ProfilePhotos.swift in Sources */ = {isa = PBXBuildFile; fileRef = AD6B794A29A4B527008522FE /* ProfilePhotos.swift */; };
		AD6B795129A4D847008522FE /* PhotosCollectionViewCell.swift in Sources */ = {isa = PBXBuildFile; fileRef = AD6B795029A4D847008522FE /* PhotosCollectionViewCell.swift */; };
		AD6B795429A50491008522FE /* PhotosViewController.swift in Sources */ = {isa = PBXBuildFile; fileRef = AD6B795329A50491008522FE /* PhotosViewController.swift */; };
		ADE7B8F2298A80490083EF7A /* AppDelegate.swift in Sources */ = {isa = PBXBuildFile; fileRef = ADE7B8F1298A80490083EF7A /* AppDelegate.swift */; };
		ADE7B8F6298A80490083EF7A /* ProfileViewController.swift in Sources */ = {isa = PBXBuildFile; fileRef = ADE7B8F5298A80490083EF7A /* ProfileViewController.swift */; };
		ADE7B8FB298A804B0083EF7A /* Assets.xcassets in Resources */ = {isa = PBXBuildFile; fileRef = ADE7B8FA298A804B0083EF7A /* Assets.xcassets */; };
		ADE7B8FE298A804B0083EF7A /* LaunchScreen.storyboard in Resources */ = {isa = PBXBuildFile; fileRef = ADE7B8FC298A804B0083EF7A /* LaunchScreen.storyboard */; };
/* End PBXBuildFile section */

/* Begin PBXFileReference section */
		AD3DAEB9299E243D00348808 /* ProfilePosts.swift */ = {isa = PBXFileReference; lastKnownFileType = sourcecode.swift; path = ProfilePosts.swift; sourceTree = "<group>"; };
		AD3DAEBB299E2A0000348808 /* PostTableViewCell.swift */ = {isa = PBXFileReference; lastKnownFileType = sourcecode.swift; path = PostTableViewCell.swift; sourceTree = "<group>"; };
		AD3DAEBD299E2A9900348808 /* UIView +ext.swift */ = {isa = PBXFileReference; lastKnownFileType = sourcecode.swift; path = "UIView +ext.swift"; sourceTree = "<group>"; };
		AD5341372993990800443833 /* ProfileHeaderView.swift */ = {isa = PBXFileReference; lastKnownFileType = sourcecode.swift; path = ProfileHeaderView.swift; sourceTree = "<group>"; };
		AD53415F299BA9B400443833 /* Color +ext.swift */ = {isa = PBXFileReference; lastKnownFileType = sourcecode.swift; path = "Color +ext.swift"; sourceTree = "<group>"; };
		AD534161299BAAC000443833 /* LoginViewController.swift */ = {isa = PBXFileReference; lastKnownFileType = sourcecode.swift; path = LoginViewController.swift; sourceTree = "<group>"; };
		AD6ABFA0298AB0FF003C89A9 /* FeedViewController.swift */ = {isa = PBXFileReference; lastKnownFileType = sourcecode.swift; path = FeedViewController.swift; sourceTree = "<group>"; };
		AD6ABFA2298AB2F4003C89A9 /* TabBarViewController.swift */ = {isa = PBXFileReference; lastKnownFileType = sourcecode.swift; path = TabBarViewController.swift; sourceTree = "<group>"; };
		AD6ABFA6298AC065003C89A9 /* PostViewController.swift */ = {isa = PBXFileReference; lastKnownFileType = sourcecode.swift; path = PostViewController.swift; sourceTree = "<group>"; };
		AD6ABFAA298B8210003C89A9 /* InfoViewController.swift */ = {isa = PBXFileReference; lastKnownFileType = sourcecode.swift; path = InfoViewController.swift; sourceTree = "<group>"; };
		AD6B794829A4B0D9008522FE /* PhotosTableViewCell.swift */ = {isa = PBXFileReference; lastKnownFileType = sourcecode.swift; path = PhotosTableViewCell.swift; sourceTree = "<group>"; };
		AD6B794A29A4B527008522FE /* ProfilePhotos.swift */ = {isa = PBXFileReference; lastKnownFileType = sourcecode.swift; path = ProfilePhotos.swift; sourceTree = "<group>"; };
		AD6B795029A4D847008522FE /* PhotosCollectionViewCell.swift */ = {isa = PBXFileReference; lastKnownFileType = sourcecode.swift; path = PhotosCollectionViewCell.swift; sourceTree = "<group>"; };
		AD6B795329A50491008522FE /* PhotosViewController.swift */ = {isa = PBXFileReference; lastKnownFileType = sourcecode.swift; path = PhotosViewController.swift; sourceTree = "<group>"; };
		ADE7B8EE298A80490083EF7A /* Navigation.app */ = {isa = PBXFileReference; explicitFileType = wrapper.application; includeInIndex = 0; path = Navigation.app; sourceTree = BUILT_PRODUCTS_DIR; };
		ADE7B8F1298A80490083EF7A /* AppDelegate.swift */ = {isa = PBXFileReference; lastKnownFileType = sourcecode.swift; path = AppDelegate.swift; sourceTree = "<group>"; };
		ADE7B8F5298A80490083EF7A /* ProfileViewController.swift */ = {isa = PBXFileReference; lastKnownFileType = sourcecode.swift; path = ProfileViewController.swift; sourceTree = "<group>"; };
		ADE7B8FA298A804B0083EF7A /* Assets.xcassets */ = {isa = PBXFileReference; lastKnownFileType = folder.assetcatalog; path = Assets.xcassets; sourceTree = "<group>"; };
		ADE7B8FD298A804B0083EF7A /* Base */ = {isa = PBXFileReference; lastKnownFileType = file.storyboard; name = Base; path = Base.lproj/LaunchScreen.storyboard; sourceTree = "<group>"; };
		ADE7B8FF298A804B0083EF7A /* Info.plist */ = {isa = PBXFileReference; lastKnownFileType = text.plist.xml; path = Info.plist; sourceTree = "<group>"; };
/* End PBXFileReference section */

/* Begin PBXFrameworksBuildPhase section */
		ADE7B8EB298A80490083EF7A /* Frameworks */ = {
			isa = PBXFrameworksBuildPhase;
			buildActionMask = 2147483647;
			files = (
			);
			runOnlyForDeploymentPostprocessing = 0;
		};
/* End PBXFrameworksBuildPhase section */

/* Begin PBXGroup section */
		AD5341392993E08500443833 /* Application */ = {
			isa = PBXGroup;
			children = (
				ADE7B8F1298A80490083EF7A /* AppDelegate.swift */,
				AD6ABFA2298AB2F4003C89A9 /* TabBarViewController.swift */,
			);
			path = Application;
			sourceTree = "<group>";
		};
		AD53413A299780CB00443833 /* Supporting files */ = {
			isa = PBXGroup;
			children = (
				ADE7B8FA298A804B0083EF7A /* Assets.xcassets */,
				ADE7B8FC298A804B0083EF7A /* LaunchScreen.storyboard */,
				ADE7B8FF298A804B0083EF7A /* Info.plist */,
			);
			path = "Supporting files";
			sourceTree = "<group>";
		};
		AD53415E299BA95200443833 /* Extensions */ = {
			isa = PBXGroup;
			children = (
				AD53415F299BA9B400443833 /* Color +ext.swift */,
				AD3DAEBD299E2A9900348808 /* UIView +ext.swift */,
			);
			path = Extensions;
			sourceTree = "<group>";
		};
		AD6ABFA8298AC0BD003C89A9 /* Feed */ = {
			isa = PBXGroup;
			children = (
				AD6ABFA0298AB0FF003C89A9 /* FeedViewController.swift */,
				AD6ABFA6298AC065003C89A9 /* PostViewController.swift */,
				AD6ABFAA298B8210003C89A9 /* InfoViewController.swift */,
			);
			path = Feed;
			sourceTree = "<group>";
		};
		AD6ABFA9298AC0D4003C89A9 /* Profile */ = {
			isa = PBXGroup;
			children = (
				AD534161299BAAC000443833 /* LoginViewController.swift */,
				ADE7B8F5298A80490083EF7A /* ProfileViewController.swift */,
				AD5341372993990800443833 /* ProfileHeaderView.swift */,
				AD6B794829A4B0D9008522FE /* PhotosTableViewCell.swift */,
				AD3DAEBB299E2A0000348808 /* PostTableViewCell.swift */,
				AD6B795329A50491008522FE /* PhotosViewController.swift */,
				AD6B795029A4D847008522FE /* PhotosCollectionViewCell.swift */,
				AD3DAEB9299E243D00348808 /* ProfilePosts.swift */,
				AD6B794A29A4B527008522FE /* ProfilePhotos.swift */,
			);
			path = Profile;
			sourceTree = "<group>";
		};
		ADE7B8E5298A80490083EF7A = {
			isa = PBXGroup;
			children = (
				ADE7B8F0298A80490083EF7A /* Navigation */,
				ADE7B8EF298A80490083EF7A /* Products */,
			);
			sourceTree = "<group>";
		};
		ADE7B8EF298A80490083EF7A /* Products */ = {
			isa = PBXGroup;
			children = (
				ADE7B8EE298A80490083EF7A /* Navigation.app */,
			);
			name = Products;
			sourceTree = "<group>";
		};
		ADE7B8F0298A80490083EF7A /* Navigation */ = {
			isa = PBXGroup;
			children = (
				AD5341392993E08500443833 /* Application */,
				AD6ABFA8298AC0BD003C89A9 /* Feed */,
				AD6ABFA9298AC0D4003C89A9 /* Profile */,
				AD53415E299BA95200443833 /* Extensions */,
				AD53413A299780CB00443833 /* Supporting files */,
			);
			path = Navigation;
			sourceTree = "<group>";
		};
/* End PBXGroup section */

/* Begin PBXNativeTarget section */
		ADE7B8ED298A80490083EF7A /* Navigation */ = {
			isa = PBXNativeTarget;
			buildConfigurationList = ADE7B902298A804B0083EF7A /* Build configuration list for PBXNativeTarget "Navigation" */;
			buildPhases = (
				ADE7B8EA298A80490083EF7A /* Sources */,
				ADE7B8EB298A80490083EF7A /* Frameworks */,
				ADE7B8EC298A80490083EF7A /* Resources */,
			);
			buildRules = (
			);
			dependencies = (
			);
			name = Navigation;
			productName = Navigation;
			productReference = ADE7B8EE298A80490083EF7A /* Navigation.app */;
			productType = "com.apple.product-type.application";
		};
/* End PBXNativeTarget section */

/* Begin PBXProject section */
		ADE7B8E6298A80490083EF7A /* Project object */ = {
			isa = PBXProject;
			attributes = {
				BuildIndependentTargetsInParallel = 1;
				LastSwiftUpdateCheck = 1420;
				LastUpgradeCheck = 1420;
				TargetAttributes = {
					ADE7B8ED298A80490083EF7A = {
						CreatedOnToolsVersion = 14.2;
					};
				};
			};
			buildConfigurationList = ADE7B8E9298A80490083EF7A /* Build configuration list for PBXProject "Navigation" */;
			compatibilityVersion = "Xcode 14.0";
			developmentRegion = en;
			hasScannedForEncodings = 0;
			knownRegions = (
				en,
				Base,
			);
			mainGroup = ADE7B8E5298A80490083EF7A;
			productRefGroup = ADE7B8EF298A80490083EF7A /* Products */;
			projectDirPath = "";
			projectRoot = "";
			targets = (
				ADE7B8ED298A80490083EF7A /* Navigation */,
			);
		};
/* End PBXProject section */

/* Begin PBXResourcesBuildPhase section */
		ADE7B8EC298A80490083EF7A /* Resources */ = {
			isa = PBXResourcesBuildPhase;
			buildActionMask = 2147483647;
			files = (
				ADE7B8FE298A804B0083EF7A /* LaunchScreen.storyboard in Resources */,
				ADE7B8FB298A804B0083EF7A /* Assets.xcassets in Resources */,
			);
			runOnlyForDeploymentPostprocessing = 0;
		};
/* End PBXResourcesBuildPhase section */

/* Begin PBXSourcesBuildPhase section */
		ADE7B8EA298A80490083EF7A /* Sources */ = {
			isa = PBXSourcesBuildPhase;
			buildActionMask = 2147483647;
			files = (
				AD3DAEBC299E2A0000348808 /* PostTableViewCell.swift in Sources */,
				AD6B795429A50491008522FE /* PhotosViewController.swift in Sources */,
				AD534162299BAAC000443833 /* LoginViewController.swift in Sources */,
				AD6ABFA7298AC065003C89A9 /* PostViewController.swift in Sources */,
				ADE7B8F6298A80490083EF7A /* ProfileViewController.swift in Sources */,
				AD6ABFA1298AB0FF003C89A9 /* FeedViewController.swift in Sources */,
				AD6ABFA3298AB2F4003C89A9 /* TabBarViewController.swift in Sources */,
				AD6B794B29A4B527008522FE /* ProfilePhotos.swift in Sources */,
				AD3DAEBA299E243E00348808 /* ProfilePosts.swift in Sources */,
				AD5341382993990800443833 /* ProfileHeaderView.swift in Sources */,
				AD534160299BA9B400443833 /* Color +ext.swift in Sources */,
				AD6B795129A4D847008522FE /* PhotosCollectionViewCell.swift in Sources */,
				AD6B794929A4B0D9008522FE /* PhotosTableViewCell.swift in Sources */,
				AD6ABFAB298B8210003C89A9 /* InfoViewController.swift in Sources */,
				AD3DAEBE299E2A9900348808 /* UIView +ext.swift in Sources */,
				ADE7B8F2298A80490083EF7A /* AppDelegate.swift in Sources */,
			);
			runOnlyForDeploymentPostprocessing = 0;
		};
/* End PBXSourcesBuildPhase section */

/* Begin PBXVariantGroup section */
		ADE7B8FC298A804B0083EF7A /* LaunchScreen.storyboard */ = {
			isa = PBXVariantGroup;
			children = (
				ADE7B8FD298A804B0083EF7A /* Base */,
			);
			name = LaunchScreen.storyboard;
			sourceTree = "<group>";
		};
/* End PBXVariantGroup section */

/* Begin XCBuildConfiguration section */
		ADE7B900298A804B0083EF7A /* Debug */ = {
			isa = XCBuildConfiguration;
			buildSettings = {
				ALWAYS_SEARCH_USER_PATHS = NO;
				CLANG_ANALYZER_NONNULL = YES;
				CLANG_ANALYZER_NUMBER_OBJECT_CONVERSION = YES_AGGRESSIVE;
				CLANG_CXX_LANGUAGE_STANDARD = "gnu++20";
				CLANG_ENABLE_MODULES = YES;
				CLANG_ENABLE_OBJC_ARC = YES;
				CLANG_ENABLE_OBJC_WEAK = YES;
				CLANG_WARN_BLOCK_CAPTURE_AUTORELEASING = YES;
				CLANG_WARN_BOOL_CONVERSION = YES;
				CLANG_WARN_COMMA = YES;
				CLANG_WARN_CONSTANT_CONVERSION = YES;
				CLANG_WARN_DEPRECATED_OBJC_IMPLEMENTATIONS = YES;
				CLANG_WARN_DIRECT_OBJC_ISA_USAGE = YES_ERROR;
				CLANG_WARN_DOCUMENTATION_COMMENTS = YES;
				CLANG_WARN_EMPTY_BODY = YES;
				CLANG_WARN_ENUM_CONVERSION = YES;
				CLANG_WARN_INFINITE_RECURSION = YES;
				CLANG_WARN_INT_CONVERSION = YES;
				CLANG_WARN_NON_LITERAL_NULL_CONVERSION = YES;
				CLANG_WARN_OBJC_IMPLICIT_RETAIN_SELF = YES;
				CLANG_WARN_OBJC_LITERAL_CONVERSION = YES;
				CLANG_WARN_OBJC_ROOT_CLASS = YES_ERROR;
				CLANG_WARN_QUOTED_INCLUDE_IN_FRAMEWORK_HEADER = YES;
				CLANG_WARN_RANGE_LOOP_ANALYSIS = YES;
				CLANG_WARN_STRICT_PROTOTYPES = YES;
				CLANG_WARN_SUSPICIOUS_MOVE = YES;
				CLANG_WARN_UNGUARDED_AVAILABILITY = YES_AGGRESSIVE;
				CLANG_WARN_UNREACHABLE_CODE = YES;
				CLANG_WARN__DUPLICATE_METHOD_MATCH = YES;
				COPY_PHASE_STRIP = NO;
				DEBUG_INFORMATION_FORMAT = dwarf;
				ENABLE_STRICT_OBJC_MSGSEND = YES;
				ENABLE_TESTABILITY = YES;
				GCC_C_LANGUAGE_STANDARD = gnu11;
				GCC_DYNAMIC_NO_PIC = NO;
				GCC_NO_COMMON_BLOCKS = YES;
				GCC_OPTIMIZATION_LEVEL = 0;
				GCC_PREPROCESSOR_DEFINITIONS = (
					"DEBUG=1",
					"$(inherited)",
				);
				GCC_WARN_64_TO_32_BIT_CONVERSION = YES;
				GCC_WARN_ABOUT_RETURN_TYPE = YES_ERROR;
				GCC_WARN_UNDECLARED_SELECTOR = YES;
				GCC_WARN_UNINITIALIZED_AUTOS = YES_AGGRESSIVE;
				GCC_WARN_UNUSED_FUNCTION = YES;
				GCC_WARN_UNUSED_VARIABLE = YES;
				IPHONEOS_DEPLOYMENT_TARGET = 16.2;
				MTL_ENABLE_DEBUG_INFO = INCLUDE_SOURCE;
				MTL_FAST_MATH = YES;
				ONLY_ACTIVE_ARCH = YES;
				SDKROOT = iphoneos;
				SWIFT_ACTIVE_COMPILATION_CONDITIONS = DEBUG;
				SWIFT_OPTIMIZATION_LEVEL = "-Onone";
			};
			name = Debug;
		};
		ADE7B901298A804B0083EF7A /* Release */ = {
			isa = XCBuildConfiguration;
			buildSettings = {
				ALWAYS_SEARCH_USER_PATHS = NO;
				CLANG_ANALYZER_NONNULL = YES;
				CLANG_ANALYZER_NUMBER_OBJECT_CONVERSION = YES_AGGRESSIVE;
				CLANG_CXX_LANGUAGE_STANDARD = "gnu++20";
				CLANG_ENABLE_MODULES = YES;
				CLANG_ENABLE_OBJC_ARC = YES;
				CLANG_ENABLE_OBJC_WEAK = YES;
				CLANG_WARN_BLOCK_CAPTURE_AUTORELEASING = YES;
				CLANG_WARN_BOOL_CONVERSION = YES;
				CLANG_WARN_COMMA = YES;
				CLANG_WARN_CONSTANT_CONVERSION = YES;
				CLANG_WARN_DEPRECATED_OBJC_IMPLEMENTATIONS = YES;
				CLANG_WARN_DIRECT_OBJC_ISA_USAGE = YES_ERROR;
				CLANG_WARN_DOCUMENTATION_COMMENTS = YES;
				CLANG_WARN_EMPTY_BODY = YES;
				CLANG_WARN_ENUM_CONVERSION = YES;
				CLANG_WARN_INFINITE_RECURSION = YES;
				CLANG_WARN_INT_CONVERSION = YES;
				CLANG_WARN_NON_LITERAL_NULL_CONVERSION = YES;
				CLANG_WARN_OBJC_IMPLICIT_RETAIN_SELF = YES;
				CLANG_WARN_OBJC_LITERAL_CONVERSION = YES;
				CLANG_WARN_OBJC_ROOT_CLASS = YES_ERROR;
				CLANG_WARN_QUOTED_INCLUDE_IN_FRAMEWORK_HEADER = YES;
				CLANG_WARN_RANGE_LOOP_ANALYSIS = YES;
				CLANG_WARN_STRICT_PROTOTYPES = YES;
				CLANG_WARN_SUSPICIOUS_MOVE = YES;
				CLANG_WARN_UNGUARDED_AVAILABILITY = YES_AGGRESSIVE;
				CLANG_WARN_UNREACHABLE_CODE = YES;
				CLANG_WARN__DUPLICATE_METHOD_MATCH = YES;
				COPY_PHASE_STRIP = NO;
				DEBUG_INFORMATION_FORMAT = "dwarf-with-dsym";
				ENABLE_NS_ASSERTIONS = NO;
				ENABLE_STRICT_OBJC_MSGSEND = YES;
				GCC_C_LANGUAGE_STANDARD = gnu11;
				GCC_NO_COMMON_BLOCKS = YES;
				GCC_WARN_64_TO_32_BIT_CONVERSION = YES;
				GCC_WARN_ABOUT_RETURN_TYPE = YES_ERROR;
				GCC_WARN_UNDECLARED_SELECTOR = YES;
				GCC_WARN_UNINITIALIZED_AUTOS = YES_AGGRESSIVE;
				GCC_WARN_UNUSED_FUNCTION = YES;
				GCC_WARN_UNUSED_VARIABLE = YES;
				IPHONEOS_DEPLOYMENT_TARGET = 16.2;
				MTL_ENABLE_DEBUG_INFO = NO;
				MTL_FAST_MATH = YES;
				SDKROOT = iphoneos;
				SWIFT_COMPILATION_MODE = wholemodule;
				SWIFT_OPTIMIZATION_LEVEL = "-O";
				VALIDATE_PRODUCT = YES;
			};
			name = Release;
		};
		ADE7B903298A804B0083EF7A /* Debug */ = {
			isa = XCBuildConfiguration;
			buildSettings = {
				ASSETCATALOG_COMPILER_APPICON_NAME = AppIcon;
				ASSETCATALOG_COMPILER_GLOBAL_ACCENT_COLOR_NAME = AccentColor;
				CODE_SIGN_STYLE = Automatic;
				CURRENT_PROJECT_VERSION = 1;
				DEVELOPMENT_TEAM = D54BGPTYJ7;
				GENERATE_INFOPLIST_FILE = YES;
				INFOPLIST_FILE = "Navigation/Supporting files/Info.plist";
				INFOPLIST_KEY_UIApplicationSupportsIndirectInputEvents = YES;
				INFOPLIST_KEY_UILaunchStoryboardName = LaunchScreen;
				INFOPLIST_KEY_UISupportedInterfaceOrientations_iPhone = "UIInterfaceOrientationPortrait UIInterfaceOrientationLandscapeLeft UIInterfaceOrientationLandscapeRight";
				IPHONEOS_DEPLOYMENT_TARGET = 14.0;
				LD_RUNPATH_SEARCH_PATHS = (
					"$(inherited)",
					"@executable_path/Frameworks",
				);
				MARKETING_VERSION = 1.0;
				PRODUCT_BUNDLE_IDENTIFIER = IsmaTest.Navigation;
				PRODUCT_NAME = "$(TARGET_NAME)";
				SUPPORTED_PLATFORMS = "iphoneos iphonesimulator";
				SUPPORTS_MACCATALYST = NO;
				SUPPORTS_MAC_DESIGNED_FOR_IPHONE_IPAD = NO;
				SWIFT_EMIT_LOC_STRINGS = YES;
				SWIFT_VERSION = 5.0;
				TARGETED_DEVICE_FAMILY = 1;
			};
			name = Debug;
		};
		ADE7B904298A804B0083EF7A /* Release */ = {
			isa = XCBuildConfiguration;
			buildSettings = {
				ASSETCATALOG_COMPILER_APPICON_NAME = AppIcon;
				ASSETCATALOG_COMPILER_GLOBAL_ACCENT_COLOR_NAME = AccentColor;
				CODE_SIGN_STYLE = Automatic;
				CURRENT_PROJECT_VERSION = 1;
				DEVELOPMENT_TEAM = D54BGPTYJ7;
				GENERATE_INFOPLIST_FILE = YES;
				INFOPLIST_FILE = "Navigation/Supporting files/Info.plist";
				INFOPLIST_KEY_UIApplicationSupportsIndirectInputEvents = YES;
				INFOPLIST_KEY_UILaunchStoryboardName = LaunchScreen;
				INFOPLIST_KEY_UISupportedInterfaceOrientations_iPhone = "UIInterfaceOrientationPortrait UIInterfaceOrientationLandscapeLeft UIInterfaceOrientationLandscapeRight";
				IPHONEOS_DEPLOYMENT_TARGET = 14.0;
				LD_RUNPATH_SEARCH_PATHS = (
					"$(inherited)",
					"@executable_path/Frameworks",
				);
				MARKETING_VERSION = 1.0;
				PRODUCT_BUNDLE_IDENTIFIER = IsmaTest.Navigation;
				PRODUCT_NAME = "$(TARGET_NAME)";
				SUPPORTED_PLATFORMS = "iphoneos iphonesimulator";
				SUPPORTS_MACCATALYST = NO;
				SUPPORTS_MAC_DESIGNED_FOR_IPHONE_IPAD = NO;
				SWIFT_EMIT_LOC_STRINGS = YES;
				SWIFT_VERSION = 5.0;
				TARGETED_DEVICE_FAMILY = 1;
			};
			name = Release;
		};
/* End XCBuildConfiguration section */

/* Begin XCConfigurationList section */
		ADE7B8E9298A80490083EF7A /* Build configuration list for PBXProject "Navigation" */ = {
			isa = XCConfigurationList;
			buildConfigurations = (
				ADE7B900298A804B0083EF7A /* Debug */,
				ADE7B901298A804B0083EF7A /* Release */,
			);
			defaultConfigurationIsVisible = 0;
			defaultConfigurationName = Release;
		};
		ADE7B902298A804B0083EF7A /* Build configuration list for PBXNativeTarget "Navigation" */ = {
			isa = XCConfigurationList;
			buildConfigurations = (
				ADE7B903298A804B0083EF7A /* Debug */,
				ADE7B904298A804B0083EF7A /* Release */,
			);
			defaultConfigurationIsVisible = 0;
			defaultConfigurationName = Release;
		};
/* End XCConfigurationList section */
	};
	rootObject = ADE7B8E6298A80490083EF7A /* Project object */;
}
